{
  "name": "echoserver",
  "version": "1.2.1",
  "lockfileVersion": 2,
  "requires": true,
  "packages": {
    "": {
      "version": "1.2.1",
      "license": "ISC",
      "dependencies": {
        "tslib": "^2.1.0",
        "ws": "^7.4.4",
        "wspbclient": "^1.3.1",
        "wspbserver": "^1.4.1"
      },
      "devDependencies": {
        "@types/node": "^14.14.37",
        "@types/ws": "^7.4.1",
        "typescript": "^4.2.3"
      }
    },
    "node_modules/@thegraid/ezpromise": {
      "version": "1.0.10",
      "resolved": "https://registry.npmjs.org/@thegraid/ezpromise/-/ezpromise-1.0.10.tgz",
      "integrity": "sha512-gFLj/4qhuU0PE8Tcf7REzWHEqgXyWYGzBGsYGFn3PXPbOkYM7JuH4fe//1HnZF78dOxl/BRj1c5UCkVmkwDtfg=="
    },
    "node_modules/@types/node": {
      "version": "14.17.29",
      "resolved": "https://registry.npmjs.org/@types/node/-/node-14.17.29.tgz",
      "integrity": "sha512-sd4CHI9eTJXTH2vF3RGtGkqvWRwhsSSUFsXD4oG38GZzSZ0tNPbWikd2AbOAcKxCXhOg57fL8FPxjpfSzb2pIQ==",
      "dev": true
    },
    "node_modules/@types/ws": {
      "version": "7.4.7",
      "resolved": "https://registry.npmjs.org/@types/ws/-/ws-7.4.7.tgz",
      "integrity": "sha512-JQbbmxZTZehdc2iszGKs5oC3NFnjeay7mtAWrdt7qNtAVK0g19muApzAy4bm9byz79xa2ZnO/BOBC2R8RC5Lww==",
      "dev": true,
      "dependencies": {
        "@types/node": "*"
      }
    },
    "node_modules/google-protobuf": {
      "version": "3.19.0",
      "resolved": "https://registry.npmjs.org/google-protobuf/-/google-protobuf-3.19.0.tgz",
      "integrity": "sha512-qXGAiv3OOlaJXJNeKOBKxbBAwjsxzhx+12ZdKOkZTsqsRkyiQRmr/nBkAkqnuQ8cmA9X5NVXvObQTpHVnXE2DQ=="
    },
    "node_modules/moment": {
      "version": "2.29.1",
      "resolved": "https://registry.npmjs.org/moment/-/moment-2.29.1.tgz",
      "integrity": "sha512-kHmoybcPV8Sqy59DwNDY3Jefr64lK/by/da0ViFcuA4DH0vQg5Q6Ze5VimxkfQNSC+Mls/Kx53s7TjP1RhFEDQ==",
      "engines": {
        "node": "*"
      }
    },
    "node_modules/tslib": {
      "version": "2.3.1",
      "resolved": "https://registry.npmjs.org/tslib/-/tslib-2.3.1.tgz",
      "integrity": "sha512-77EbyPPpMz+FRFRuAFlWMtmgUWGe9UOG2Z25NqCwiIjRhOf5iKGuzSe5P2w1laq+FkRy4p+PCuVkJSGkzTEKVw=="
    },
    "node_modules/typescript": {
      "version": "4.4.4",
      "resolved": "https://registry.npmjs.org/typescript/-/typescript-4.4.4.tgz",
      "integrity": "sha512-DqGhF5IKoBl8WNf8C1gu8q0xZSInh9j1kJJMqT3a94w1JzVaBU4EXOSMrz9yDqMT0xt3selp83fuFMQ0uzv6qA==",
      "dev": true,
      "bin": {
        "tsc": "bin/tsc",
        "tsserver": "bin/tsserver"
      },
      "engines": {
        "node": ">=4.2.0"
      }
    },
    "node_modules/ws": {
      "version": "7.5.5",
      "resolved": "https://registry.npmjs.org/ws/-/ws-7.5.5.tgz",
      "integrity": "sha512-BAkMFcAzl8as1G/hArkxOxq3G7pjUqQ3gzYbLL0/5zNkph70e+lCoxBGnm6AW1+/aiNeV4fnKqZ8m4GZewmH2w==",
      "engines": {
        "node": ">=8.3.0"
      },
      "peerDependencies": {
        "bufferutil": "^4.0.1",
        "utf-8-validate": "^5.0.2"
      },
      "peerDependenciesMeta": {
        "bufferutil": {
          "optional": true
        },
        "utf-8-validate": {
          "optional": true
        }
      }
    },
    "node_modules/wspbclient": {
      "version": "1.3.4",
      "resolved": "https://registry.npmjs.org/wspbclient/-/wspbclient-1.3.4.tgz",
      "integrity": "sha512-whOhSzl2vAHQclcKmDjbTu+yyhzQ+9y63Gk2O8MO7fZOTfigsqbnUWJordC0nRTe2yfKokuBuq91tanWovpGQQ==",
      "license": "ISC",
      "dependencies": {
        "@thegraid/ezpromise": "^1.0.5",
        "google-protobuf": "^3.15.8",
        "moment": "^2.29.1",
        "tslib": "^2.1.0"
      }
    },
    "node_modules/wspbserver": {
      "version": "1.4.2",
      "resolved": "https://registry.npmjs.org/wspbserver/-/wspbserver-1.4.2.tgz",
      "integrity": "sha512-r4BElqtQSYr8wDOcJZweQIevSjyN/FGYG93NgpoUyBCSB50V7alvosZT/AhsxhyYu+7mmWrtScttuTPYsm/Icg==",
      "license": "ISC",
      "dependencies": {
        "@thegraid/ezpromise": "^1.0.4",
        "google-protobuf": "*",
        "moment": "^2.29.1",
        "tslib": "^2.1.0",
        "ws": "^7.4.4",
        "wspbclient": "^1.2.11"
      }
    }
  },
  "dependencies": {
    "@thegraid/ezpromise": {
      "version": "1.0.10",
      "resolved": "https://registry.npmjs.org/@thegraid/ezpromise/-/ezpromise-1.0.10.tgz",
      "integrity": "sha512-gFLj/4qhuU0PE8Tcf7REzWHEqgXyWYGzBGsYGFn3PXPbOkYM7JuH4fe//1HnZF78dOxl/BRj1c5UCkVmkwDtfg=="
    },
    "@types/node": {
      "version": "14.17.29",
      "resolved": "https://registry.npmjs.org/@types/node/-/node-14.17.29.tgz",
      "integrity": "sha512-sd4CHI9eTJXTH2vF3RGtGkqvWRwhsSSUFsXD4oG38GZzSZ0tNPbWikd2AbOAcKxCXhOg57fL8FPxjpfSzb2pIQ==",
      "dev": true
    },
    "@types/ws": {
      "version": "7.4.7",
      "resolved": "https://registry.npmjs.org/@types/ws/-/ws-7.4.7.tgz",
      "integrity": "sha512-JQbbmxZTZehdc2iszGKs5oC3NFnjeay7mtAWrdt7qNtAVK0g19muApzAy4bm9byz79xa2ZnO/BOBC2R8RC5Lww==",
      "dev": true,
      "requires": {
        "@types/node": "*"
      }
    },
    "google-protobuf": {
      "version": "3.19.0",
      "resolved": "https://registry.npmjs.org/google-protobuf/-/google-protobuf-3.19.0.tgz",
      "integrity": "sha512-qXGAiv3OOlaJXJNeKOBKxbBAwjsxzhx+12ZdKOkZTsqsRkyiQRmr/nBkAkqnuQ8cmA9X5NVXvObQTpHVnXE2DQ=="
    },
    "moment": {
      "version": "2.29.1",
      "resolved": "https://registry.npmjs.org/moment/-/moment-2.29.1.tgz",
      "integrity": "sha512-kHmoybcPV8Sqy59DwNDY3Jefr64lK/by/da0ViFcuA4DH0vQg5Q6Ze5VimxkfQNSC+Mls/Kx53s7TjP1RhFEDQ=="
    },
    "tslib": {
      "version": "2.3.1",
      "resolved": "https://registry.npmjs.org/tslib/-/tslib-2.3.1.tgz",
      "integrity": "sha512-77EbyPPpMz+FRFRuAFlWMtmgUWGe9UOG2Z25NqCwiIjRhOf5iKGuzSe5P2w1laq+FkRy4p+PCuVkJSGkzTEKVw=="
    },
    "typescript": {
      "version": "4.4.4",
      "resolved": "https://registry.npmjs.org/typescript/-/typescript-4.4.4.tgz",
      "integrity": "sha512-DqGhF5IKoBl8WNf8C1gu8q0xZSInh9j1kJJMqT3a94w1JzVaBU4EXOSMrz9yDqMT0xt3selp83fuFMQ0uzv6qA==",
      "dev": true
    },
    "ws": {
      "version": "7.5.5",
      "resolved": "https://registry.npmjs.org/ws/-/ws-7.5.5.tgz",
      "integrity": "sha512-BAkMFcAzl8as1G/hArkxOxq3G7pjUqQ3gzYbLL0/5zNkph70e+lCoxBGnm6AW1+/aiNeV4fnKqZ8m4GZewmH2w==",
      "requires": {}
    },
    "wspbclient": {
      "version": "1.3.4",
      "resolved": "https://registry.npmjs.org/wspbclient/-/wspbclient-1.3.4.tgz",
      "integrity": "sha512-whOhSzl2vAHQclcKmDjbTu+yyhzQ+9y63Gk2O8MO7fZOTfigsqbnUWJordC0nRTe2yfKokuBuq91tanWovpGQQ==",
      "requires": {
        "@thegraid/ezpromise": "^1.0.5",
        "google-protobuf": "^3.15.8",
        "moment": "^2.29.1",
        "tslib": "^2.1.0"
      }
    },
    "wspbserver": {
      "version": "1.4.2",
      "resolved": "https://registry.npmjs.org/wspbserver/-/wspbserver-1.4.2.tgz",
      "integrity": "sha512-r4BElqtQSYr8wDOcJZweQIevSjyN/FGYG93NgpoUyBCSB50V7alvosZT/AhsxhyYu+7mmWrtScttuTPYsm/Icg==",
      "requires": {
        "@thegraid/ezpromise": "^1.0.4",
        "google-protobuf": "*",
        "moment": "^2.29.1",
        "tslib": "^2.1.0",
        "ws": "^7.4.4",
        "wspbclient": "^1.2.11"
      }
    }
  }
}
