{
  "name": "@thegraid/echoserver",
  "version": "1.3.1",
  "lockfileVersion": 2,
  "requires": true,
  "packages": {
    "": {
      "name": "@thegraid/echoserver",
      "version": "1.3.1",
      "license": "ISC",
      "dependencies": {
        "@thegraid/wspbclient": "^1.4.0",
        "@thegraid/wspbserver": "^1.5.11",
        "tslib": "^2.1.0",
        "ws": "^7.4.4"
      },
      "devDependencies": {
        "@types/node": "^14.14.37",
        "@types/ws": "^7.4.1",
        "typescript": "^4.2.3"
      }
    },
    "node_modules/@thegraid/common-lib": {
      "version": "1.3.2",
      "resolved": "https://registry.npmjs.org/@thegraid/common-lib/-/common-lib-1.3.2.tgz",
      "integrity": "sha512-3rSTm5mIND13bLYkqSMysgoitggy0/vMAk8UYAEhtCnGLstMO2t4EsBqmPZN9b50jmxjvZaBwEjhZgtmr9soYQ==",
      "dependencies": {
        "moment": "^2.29.1",
        "tslib": "^2.3.1"
      }
    },
    "node_modules/@thegraid/ezpromise": {
      "version": "1.0.10",
      "resolved": "https://registry.npmjs.org/@thegraid/ezpromise/-/ezpromise-1.0.10.tgz",
      "integrity": "sha512-gFLj/4qhuU0PE8Tcf7REzWHEqgXyWYGzBGsYGFn3PXPbOkYM7JuH4fe//1HnZF78dOxl/BRj1c5UCkVmkwDtfg=="
    },
    "node_modules/@thegraid/wspbclient": {
      "version": "1.4.3",
      "resolved": "https://registry.npmjs.org/@thegraid/wspbclient/-/wspbclient-1.4.3.tgz",
      "integrity": "sha512-o6oKmiVfLq7fm07pHJBPXJ5pj1nnIx/j0YJAhxWdY7aPAYnEYq3IaTtJA8jLqkC+A6URAiqn4P3yFVezDCWSRA==",
      "dependencies": {
        "@thegraid/common-lib": "^1.3.2",
        "@thegraid/ezpromise": "^1.0.10",
        "google-protobuf": "*",
        "moment": "^2.29.1",
        "tslib": "^2.3.1"
      }
    },
    "node_modules/@thegraid/wspbserver": {
      "version": "1.5.11",
      "resolved": "https://registry.npmjs.org/@thegraid/wspbserver/-/wspbserver-1.5.11.tgz",
      "integrity": "sha512-V9C0wpos1O4c8jOETCKvvWJiYW3iMSvh/oM/A9ZNB86NfS9WBgqb+Yqq9LFfbETsD8IQbzkjx0mv3A/pPAT1Wg==",
      "dependencies": {
        "@thegraid/ezpromise": "^1.0.4",
        "@thegraid/wspbclient": "^1.4.3",
        "google-protobuf": "*",
        "moment": "^2.29.1",
        "tslib": "^2.1.0",
        "ws": "^7.4.4"
      }
    },
    "node_modules/@types/node": {
      "version": "14.18.12",
      "resolved": "https://registry.npmjs.org/@types/node/-/node-14.18.12.tgz",
      "integrity": "sha512-q4jlIR71hUpWTnGhXWcakgkZeHa3CCjcQcnuzU8M891BAWA2jHiziiWEPEkdS5pFsz7H9HJiy8BrK7tBRNrY7A==",
      "dev": true
    },
    "node_modules/@types/ws": {
      "version": "7.4.7",
      "resolved": "https://registry.npmjs.org/@types/ws/-/ws-7.4.7.tgz",
      "integrity": "sha512-JQbbmxZTZehdc2iszGKs5oC3NFnjeay7mtAWrdt7qNtAVK0g19muApzAy4bm9byz79xa2ZnO/BOBC2R8RC5Lww==",
      "dev": true,
      "dependencies": {
        "@types/node": "*"
      }
    },
    "node_modules/google-protobuf": {
      "version": "3.19.4",
      "resolved": "https://registry.npmjs.org/google-protobuf/-/google-protobuf-3.19.4.tgz",
      "integrity": "sha512-OIPNCxsG2lkIvf+P5FNfJ/Km95CsXOBecS9ZcAU6m2Rq3svc0Apl9nB3GMDNKfQ9asNv4KjyAqGwPQFrVle3Yg=="
    },
    "node_modules/moment": {
      "version": "2.29.1",
      "resolved": "https://registry.npmjs.org/moment/-/moment-2.29.1.tgz",
      "integrity": "sha512-kHmoybcPV8Sqy59DwNDY3Jefr64lK/by/da0ViFcuA4DH0vQg5Q6Ze5VimxkfQNSC+Mls/Kx53s7TjP1RhFEDQ==",
      "engines": {
        "node": "*"
      }
    },
    "node_modules/ts/wspbclient": {
      "extraneous": true
    },
    "node_modules/tslib": {
      "version": "2.3.1",
      "resolved": "https://registry.npmjs.org/tslib/-/tslib-2.3.1.tgz",
      "integrity": "sha512-77EbyPPpMz+FRFRuAFlWMtmgUWGe9UOG2Z25NqCwiIjRhOf5iKGuzSe5P2w1laq+FkRy4p+PCuVkJSGkzTEKVw=="
    },
    "node_modules/typescript": {
      "version": "4.6.2",
      "resolved": "https://registry.npmjs.org/typescript/-/typescript-4.6.2.tgz",
      "integrity": "sha512-HM/hFigTBHZhLXshn9sN37H085+hQGeJHJ/X7LpBWLID/fbc2acUMfU+lGD98X81sKP+pFa9f0DZmCwB9GnbAg==",
      "dev": true,
      "bin": {
        "tsc": "bin/tsc",
        "tsserver": "bin/tsserver"
      },
      "engines": {
        "node": ">=4.2.0"
      }
    },
    "node_modules/ws": {
      "version": "7.5.7",
      "resolved": "https://registry.npmjs.org/ws/-/ws-7.5.7.tgz",
      "integrity": "sha512-KMvVuFzpKBuiIXW3E4u3mySRO2/mCHSyZDJQM5NQ9Q9KHWHWh0NHgfbRMLLrceUK5qAL4ytALJbpRMjixFZh8A==",
      "engines": {
        "node": ">=8.3.0"
      },
      "peerDependencies": {
        "bufferutil": "^4.0.1",
        "utf-8-validate": "^5.0.2"
      },
      "peerDependenciesMeta": {
        "bufferutil": {
          "optional": true
        },
        "utf-8-validate": {
          "optional": true
        }
      }
    }
  },
  "dependencies": {
    "@thegraid/common-lib": {
      "version": "1.3.2",
      "resolved": "https://registry.npmjs.org/@thegraid/common-lib/-/common-lib-1.3.2.tgz",
      "integrity": "sha512-3rSTm5mIND13bLYkqSMysgoitggy0/vMAk8UYAEhtCnGLstMO2t4EsBqmPZN9b50jmxjvZaBwEjhZgtmr9soYQ==",
      "requires": {
        "moment": "^2.29.1",
        "tslib": "^2.3.1"
      }
    },
    "@thegraid/ezpromise": {
      "version": "1.0.10",
      "resolved": "https://registry.npmjs.org/@thegraid/ezpromise/-/ezpromise-1.0.10.tgz",
      "integrity": "sha512-gFLj/4qhuU0PE8Tcf7REzWHEqgXyWYGzBGsYGFn3PXPbOkYM7JuH4fe//1HnZF78dOxl/BRj1c5UCkVmkwDtfg=="
    },
    "@thegraid/wspbclient": {
      "version": "1.4.3",
      "resolved": "https://registry.npmjs.org/@thegraid/wspbclient/-/wspbclient-1.4.3.tgz",
      "integrity": "sha512-o6oKmiVfLq7fm07pHJBPXJ5pj1nnIx/j0YJAhxWdY7aPAYnEYq3IaTtJA8jLqkC+A6URAiqn4P3yFVezDCWSRA==",
      "requires": {
        "@thegraid/common-lib": "^1.3.2",
        "@thegraid/ezpromise": "^1.0.10",
        "google-protobuf": "*",
        "moment": "^2.29.1",
        "tslib": "^2.3.1"
      }
    },
    "@thegraid/wspbserver": {
      "version": "1.5.11",
      "resolved": "https://registry.npmjs.org/@thegraid/wspbserver/-/wspbserver-1.5.11.tgz",
      "integrity": "sha512-V9C0wpos1O4c8jOETCKvvWJiYW3iMSvh/oM/A9ZNB86NfS9WBgqb+Yqq9LFfbETsD8IQbzkjx0mv3A/pPAT1Wg==",
      "requires": {
        "@thegraid/ezpromise": "^1.0.4",
        "@thegraid/wspbclient": "^1.4.3",
        "google-protobuf": "*",
        "moment": "^2.29.1",
        "tslib": "^2.1.0",
        "ws": "^7.4.4"
      }
    },
    "@types/node": {
      "version": "14.18.12",
      "resolved": "https://registry.npmjs.org/@types/node/-/node-14.18.12.tgz",
      "integrity": "sha512-q4jlIR71hUpWTnGhXWcakgkZeHa3CCjcQcnuzU8M891BAWA2jHiziiWEPEkdS5pFsz7H9HJiy8BrK7tBRNrY7A==",
      "dev": true
    },
    "@types/ws": {
      "version": "7.4.7",
      "resolved": "https://registry.npmjs.org/@types/ws/-/ws-7.4.7.tgz",
      "integrity": "sha512-JQbbmxZTZehdc2iszGKs5oC3NFnjeay7mtAWrdt7qNtAVK0g19muApzAy4bm9byz79xa2ZnO/BOBC2R8RC5Lww==",
      "dev": true,
      "requires": {
        "@types/node": "*"
      }
    },
    "google-protobuf": {
      "version": "3.19.4",
      "resolved": "https://registry.npmjs.org/google-protobuf/-/google-protobuf-3.19.4.tgz",
      "integrity": "sha512-OIPNCxsG2lkIvf+P5FNfJ/Km95CsXOBecS9ZcAU6m2Rq3svc0Apl9nB3GMDNKfQ9asNv4KjyAqGwPQFrVle3Yg=="
    },
    "moment": {
      "version": "2.29.1",
      "resolved": "https://registry.npmjs.org/moment/-/moment-2.29.1.tgz",
      "integrity": "sha512-kHmoybcPV8Sqy59DwNDY3Jefr64lK/by/da0ViFcuA4DH0vQg5Q6Ze5VimxkfQNSC+Mls/Kx53s7TjP1RhFEDQ=="
    },
    "tslib": {
      "version": "2.3.1",
      "resolved": "https://registry.npmjs.org/tslib/-/tslib-2.3.1.tgz",
      "integrity": "sha512-77EbyPPpMz+FRFRuAFlWMtmgUWGe9UOG2Z25NqCwiIjRhOf5iKGuzSe5P2w1laq+FkRy4p+PCuVkJSGkzTEKVw=="
    },
    "typescript": {
      "version": "4.6.2",
      "resolved": "https://registry.npmjs.org/typescript/-/typescript-4.6.2.tgz",
      "integrity": "sha512-HM/hFigTBHZhLXshn9sN37H085+hQGeJHJ/X7LpBWLID/fbc2acUMfU+lGD98X81sKP+pFa9f0DZmCwB9GnbAg==",
      "dev": true
    },
    "ws": {
      "version": "7.5.7",
      "resolved": "https://registry.npmjs.org/ws/-/ws-7.5.7.tgz",
      "integrity": "sha512-KMvVuFzpKBuiIXW3E4u3mySRO2/mCHSyZDJQM5NQ9Q9KHWHWh0NHgfbRMLLrceUK5qAL4ytALJbpRMjixFZh8A==",
      "requires": {}
    }
  }
}
